
Microsoft Visual Studio Solution File, Format Version 12.00
# Visual Studio Version 17
VisualStudioVersion = 17.5.33414.496
MinimumVisualStudioVersion = 10.0.40219.1
Project("{8BC9CEB8-8B4A-11D0-8D11-00A0C91BC942}") = "164_pointer", "164_pointer\164_pointer.vcxproj", "{EE032CC0-591B-4898-AAE1-3C2D5555822C}"
EndProject
Project("{8BC9CEB8-8B4A-11D0-8D11-00A0C91BC942}") = "Pointer2", "Pointer2\Pointer2.vcxproj", "{43BA0BC2-A35C-4B41-974F-594D8BAC23F1}"
EndProject
Project("{8BC9CEB8-8B4A-11D0-8D11-00A0C91BC942}") = "friendclass", "friendclass\friendclass.vcxproj", "{83E10CE9-829E-4FC9-AECC-7882846FC797}"
EndProject
Project("{8BC9CEB8-8B4A-11D0-8D11-00A0C91BC942}") = "ConsoleApplication1", "ConsoleApplication1\ConsoleApplication1.vcxproj", "{90F1F013-0E81-4FB3-94D7-BD5444842442}"
EndProject
Project("{8BC9CEB8-8B4A-11D0-8D11-00A0C91BC942}") = "Friendclass3", "Friendclass3\Friendclass3.vcxproj", "{26D36E65-FB6A-4FDB-8E80-417F33C440CB}"
EndProject
Global
	GlobalSection(SolutionConfigurationPlatforms) = preSolution
		Debug|x64 = Debug|x64
		Debug|x86 = Debug|x86
		Release|x64 = Release|x64
		Release|x86 = Release|x86
	EndGlobalSection
	GlobalSection(ProjectConfigurationPlatforms) = postSolution
		{EE032CC0-591B-4898-AAE1-3C2D5555822C}.Debug|x64.ActiveCfg = Debug|x64
		{EE032CC0-591B-4898-AAE1-3C2D5555822C}.Debug|x64.Build.0 = Debug|x64
		{EE032CC0-591B-4898-AAE1-3C2D5555822C}.Debug|x86.ActiveCfg = Debug|Win32
		{EE032CC0-591B-4898-AAE1-3C2D5555822C}.Debug|x86.Build.0 = Debug|Win32
		{EE032CC0-591B-4898-AAE1-3C2D5555822C}.Release|x64.ActiveCfg = Release|x64
		{EE032CC0-591B-4898-AAE1-3C2D5555822C}.Release|x64.Build.0 = Release|x64
		{EE032CC0-591B-4898-AAE1-3C2D5555822C}.Release|x86.ActiveCfg = Release|Win32
		{EE032CC0-591B-4898-AAE1-3C2D5555822C}.Release|x86.Build.0 = Release|Win32
		{43BA0BC2-A35C-4B41-974F-594D8BAC23F1}.Debug|x64.ActiveCfg = Debug|x64
		{43BA0BC2-A35C-4B41-974F-594D8BAC23F1}.Debug|x64.Build.0 = Debug|x64
		{43BA0BC2-A35C-4B41-974F-594D8BAC23F1}.Debug|x86.ActiveCfg = Debug|Win32
		{43BA0BC2-A35C-4B41-974F-594D8BAC23F1}.Debug|x86.Build.0 = Debug|Win32
		{43BA0BC2-A35C-4B41-974F-594D8BAC23F1}.Release|x64.ActiveCfg = Release|x64
		{43BA0BC2-A35C-4B41-974F-594D8BAC23F1}.Release|x64.Build.0 = Release|x64
		{43BA0BC2-A35C-4B41-974F-594D8BAC23F1}.Release|x86.ActiveCfg = Release|Win32
		{43BA0BC2-A35C-4B41-974F-594D8BAC23F1}.Release|x86.Build.0 = Release|Win32
		{83E10CE9-829E-4FC9-AECC-7882846FC797}.Debug|x64.ActiveCfg = Debug|x64
		{83E10CE9-829E-4FC9-AECC-7882846FC797}.Debug|x64.Build.0 = Debug|x64
		{83E10CE9-829E-4FC9-AECC-7882846FC797}.Debug|x86.ActiveCfg = Debug|Win32
		{83E10CE9-829E-4FC9-AECC-7882846FC797}.Debug|x86.Build.0 = Debug|Win32
		{83E10CE9-829E-4FC9-AECC-7882846FC797}.Release|x64.ActiveCfg = Release|x64
		{83E10CE9-829E-4FC9-AECC-7882846FC797}.Release|x64.Build.0 = Release|x64
		{83E10CE9-829E-4FC9-AECC-7882846FC797}.Release|x86.ActiveCfg = Release|Win32
		{83E10CE9-829E-4FC9-AECC-7882846FC797}.Release|x86.Build.0 = Release|Win32
		{90F1F013-0E81-4FB3-94D7-BD5444842442}.Debug|x64.ActiveCfg = Debug|x64
		{90F1F013-0E81-4FB3-94D7-BD5444842442}.Debug|x64.Build.0 = Debug|x64
		{90F1F013-0E81-4FB3-94D7-BD5444842442}.Debug|x86.ActiveCfg = Debug|Win32
		{90F1F013-0E81-4FB3-94D7-BD5444842442}.Debug|x86.Build.0 = Debug|Win32
		{90F1F013-0E81-4FB3-94D7-BD5444842442}.Release|x64.ActiveCfg = Release|x64
		{90F1F013-0E81-4FB3-94D7-BD5444842442}.Release|x64.Build.0 = Release|x64
		{90F1F013-0E81-4FB3-94D7-BD5444842442}.Release|x86.ActiveCfg = Release|Win32
		{90F1F013-0E81-4FB3-94D7-BD5444842442}.Release|x86.Build.0 = Release|Win32
		{26D36E65-FB6A-4FDB-8E80-417F33C440CB}.Debug|x64.ActiveCfg = Debug|x64
		{26D36E65-FB6A-4FDB-8E80-417F33C440CB}.Debug|x64.Build.0 = Debug|x64
		{26D36E65-FB6A-4FDB-8E80-417F33C440CB}.Debug|x86.ActiveCfg = Debug|Win32
		{26D36E65-FB6A-4FDB-8E80-417F33C440CB}.Debug|x86.Build.0 = Debug|Win32
		{26D36E65-FB6A-4FDB-8E80-417F33C440CB}.Release|x64.ActiveCfg = Release|x64
		{26D36E65-FB6A-4FDB-8E80-417F33C440CB}.Release|x64.Build.0 = Release|x64
		{26D36E65-FB6A-4FDB-8E80-417F33C440CB}.Release|x86.ActiveCfg = Release|Win32
		{26D36E65-FB6A-4FDB-8E80-417F33C440CB}.Release|x86.Build.0 = Release|Win32
	EndGlobalSection
	GlobalSection(SolutionProperties) = preSolution
		HideSolutionNode = FALSE
	EndGlobalSection
	GlobalSection(ExtensibilityGlobals) = postSolution
		SolutionGuid = {CB4876B7-F7A8-4E13-952E-BAF4509DD9B7}
	EndGlobalSection
EndGlobal
